
Microsoft Visual Studio Solution File, Format Version 12.00
# Visual Studio 15
VisualStudioVersion = 15.0.27130.2027
MinimumVisualStudioVersion = 10.0.40219.1
Project("{FAE04EC0-301F-11D3-BF4B-00C04F79EFBC}") = "Nayan_ecommerce", "Nayan_ecommerce\Nayan_ecommerce.csproj", "{99C064D9-2DC3-41ED-810B-54A13F763915}"
EndProject
Global
	GlobalSection(SolutionConfigurationPlatforms) = preSolution
		Debug|Any CPU = Debug|Any CPU
		Release|Any CPU = Release|Any CPU
	EndGlobalSection
	GlobalSection(ProjectConfigurationPlatforms) = postSolution
		{99C064D9-2DC3-41ED-810B-54A13F763915}.Debug|Any CPU.ActiveCfg = Debug|Any CPU
		{99C064D9-2DC3-41ED-810B-54A13F763915}.Debug|Any CPU.Build.0 = Debug|Any CPU
		{99C064D9-2DC3-41ED-810B-54A13F763915}.Release|Any CPU.ActiveCfg = Release|Any CPU
		{99C064D9-2DC3-41ED-810B-54A13F763915}.Release|Any CPU.Build.0 = Release|Any CPU
	EndGlobalSection
	GlobalSection(SolutionProperties) = preSolution
		HideSolutionNode = FALSE
	EndGlobalSection
	GlobalSection(ExtensibilityGlobals) = postSolution
		SolutionGuid = {427B3E8B-D867-4BD2-9C7B-E44B28C98490}
	EndGlobalSection
EndGlobal
